
Microsoft Visual Studio Solution File, Format Version 12.00
Project("{FAE04EC0-301F-11D3-BF4B-00C04F79EFBC}") = "WebApp", "WebApp\WebApp.csproj", "{0BE120F3-386D-48D5-A019-2BC542BA0A81}"
EndProject
Project("{FAE04EC0-301F-11D3-BF4B-00C04F79EFBC}") = "WebApi", "WebApi\WebApi.csproj", "{1FE245E2-471F-4C79-A42F-241D31AE348A}"
EndProject
Project("{FAE04EC0-301F-11D3-BF4B-00C04F79EFBC}") = "Core", "Core\Core.csproj", "{A3644C28-4B78-4D9E-8BD3-74AFDA3F1AA9}"
EndProject
Project("{FAE04EC0-301F-11D3-BF4B-00C04F79EFBC}") = "Infrustructure", "Infrustructure\Infrustructure.csproj", "{A549154E-E046-49B0-AF6A-7BBE341893A1}"
EndProject
Project("{FAE04EC0-301F-11D3-BF4B-00C04F79EFBC}") = "Tests", "Tests\Tests.csproj", "{B0C2E2DC-8DE7-4818-AA54-0E17D6992926}"
EndProject
Global
	GlobalSection(SolutionConfigurationPlatforms) = preSolution
		Debug|Any CPU = Debug|Any CPU
		Release|Any CPU = Release|Any CPU
	EndGlobalSection
	GlobalSection(ProjectConfigurationPlatforms) = postSolution
		{0BE120F3-386D-48D5-A019-2BC542BA0A81}.Debug|Any CPU.ActiveCfg = Debug|Any CPU
		{0BE120F3-386D-48D5-A019-2BC542BA0A81}.Debug|Any CPU.Build.0 = Debug|Any CPU
		{0BE120F3-386D-48D5-A019-2BC542BA0A81}.Release|Any CPU.ActiveCfg = Release|Any CPU
		{0BE120F3-386D-48D5-A019-2BC542BA0A81}.Release|Any CPU.Build.0 = Release|Any CPU
		{1FE245E2-471F-4C79-A42F-241D31AE348A}.Debug|Any CPU.ActiveCfg = Debug|Any CPU
		{1FE245E2-471F-4C79-A42F-241D31AE348A}.Debug|Any CPU.Build.0 = Debug|Any CPU
		{1FE245E2-471F-4C79-A42F-241D31AE348A}.Release|Any CPU.ActiveCfg = Release|Any CPU
		{1FE245E2-471F-4C79-A42F-241D31AE348A}.Release|Any CPU.Build.0 = Release|Any CPU
		{A3644C28-4B78-4D9E-8BD3-74AFDA3F1AA9}.Debug|Any CPU.ActiveCfg = Debug|Any CPU
		{A3644C28-4B78-4D9E-8BD3-74AFDA3F1AA9}.Debug|Any CPU.Build.0 = Debug|Any CPU
		{A3644C28-4B78-4D9E-8BD3-74AFDA3F1AA9}.Release|Any CPU.ActiveCfg = Release|Any CPU
		{A3644C28-4B78-4D9E-8BD3-74AFDA3F1AA9}.Release|Any CPU.Build.0 = Release|Any CPU
		{A549154E-E046-49B0-AF6A-7BBE341893A1}.Debug|Any CPU.ActiveCfg = Debug|Any CPU
		{A549154E-E046-49B0-AF6A-7BBE341893A1}.Debug|Any CPU.Build.0 = Debug|Any CPU
		{A549154E-E046-49B0-AF6A-7BBE341893A1}.Release|Any CPU.ActiveCfg = Release|Any CPU
		{A549154E-E046-49B0-AF6A-7BBE341893A1}.Release|Any CPU.Build.0 = Release|Any CPU
		{B0C2E2DC-8DE7-4818-AA54-0E17D6992926}.Debug|Any CPU.ActiveCfg = Debug|Any CPU
		{B0C2E2DC-8DE7-4818-AA54-0E17D6992926}.Debug|Any CPU.Build.0 = Debug|Any CPU
		{B0C2E2DC-8DE7-4818-AA54-0E17D6992926}.Release|Any CPU.ActiveCfg = Release|Any CPU
		{B0C2E2DC-8DE7-4818-AA54-0E17D6992926}.Release|Any CPU.Build.0 = Release|Any CPU
	EndGlobalSection
EndGlobal
